
Microsoft Visual Studio Solution File, Format Version 12.00
# Visual Studio Version 17
VisualStudioVersion = 17.3.32929.385
MinimumVisualStudioVersion = 10.0.40219.1
Project("{FAE04EC0-301F-11D3-BF4B-00C04F79EFBC}") = "Calls", "Calls\Calls.csproj", "{C1AA33BD-679C-45E7-B7BD-0386742E9694}"
EndProject
Global
	GlobalSection(SolutionConfigurationPlatforms) = preSolution
		Debug|Any CPU = Debug|Any CPU
		Release|Any CPU = Release|Any CPU
	EndGlobalSection
	GlobalSection(ProjectConfigurationPlatforms) = postSolution
		{C1AA33BD-679C-45E7-B7BD-0386742E9694}.Debug|Any CPU.ActiveCfg = Debug|Any CPU
		{C1AA33BD-679C-45E7-B7BD-0386742E9694}.Debug|Any CPU.Build.0 = Debug|Any CPU
		{C1AA33BD-679C-45E7-B7BD-0386742E9694}.Release|Any CPU.ActiveCfg = Release|Any CPU
		{C1AA33BD-679C-45E7-B7BD-0386742E9694}.Release|Any CPU.Build.0 = Release|Any CPU
	EndGlobalSection
	GlobalSection(SolutionProperties) = preSolution
		HideSolutionNode = FALSE
	EndGlobalSection
	GlobalSection(ExtensibilityGlobals) = postSolution
		SolutionGuid = {79016029-560F-4910-BC20-1739BF201DB4}
	EndGlobalSection
EndGlobal
